
Microsoft Visual Studio Solution File, Format Version 12.00
# Visual Studio Version 17
VisualStudioVersion = 17.0.31903.59
MinimumVisualStudioVersion = 10.0.40219.1
Project("{9A19103F-16F7-4668-BE54-9A1E7A4F7556}") = "ClientUI", "ClientUI\ClientUI.csproj", "{1E8E89B6-C4C9-4315-AD62-54293A26A0D5}"
EndProject
Project("{9A19103F-16F7-4668-BE54-9A1E7A4F7556}") = "Sales", "Sales\Sales.csproj", "{8596A480-E1D4-4438-BF73-8E5C51161A1E}"
EndProject
Project("{FAE04EC0-301F-11D3-BF4B-00C04F79EFBC}") = "Sales.Messages", "Sales.Messages\Sales.Messages.csproj", "{EA6E80B2-E92F-4C1A-824B-74AE4E5B4F48}"
EndProject
Project("{FAE04EC0-301F-11D3-BF4B-00C04F79EFBC}") = "Billing", "Billing\Billing.csproj", "{34E7000B-37AC-4FD7-A564-8A273B9FDB55}"
EndProject
Project("{FAE04EC0-301F-11D3-BF4B-00C04F79EFBC}") = "Shipping", "Shipping\Shipping.csproj", "{E44B562A-9077-42C5-81BE-DB88824126B7}"
EndProject
Project("{FAE04EC0-301F-11D3-BF4B-00C04F79EFBC}") = "Billing.Messages", "Billing.Messages\Billing.Messages.csproj", "{3D7ABCEB-E6C7-4FBE-98D7-07575F2B86EE}"
EndProject
Global
	GlobalSection(SolutionConfigurationPlatforms) = preSolution
		Debug|Any CPU = Debug|Any CPU
		Release|Any CPU = Release|Any CPU
	EndGlobalSection
	GlobalSection(ProjectConfigurationPlatforms) = postSolution
		{1E8E89B6-C4C9-4315-AD62-54293A26A0D5}.Debug|Any CPU.ActiveCfg = Debug|Any CPU
		{1E8E89B6-C4C9-4315-AD62-54293A26A0D5}.Debug|Any CPU.Build.0 = Debug|Any CPU
		{1E8E89B6-C4C9-4315-AD62-54293A26A0D5}.Release|Any CPU.ActiveCfg = Release|Any CPU
		{1E8E89B6-C4C9-4315-AD62-54293A26A0D5}.Release|Any CPU.Build.0 = Release|Any CPU
		{8596A480-E1D4-4438-BF73-8E5C51161A1E}.Debug|Any CPU.ActiveCfg = Debug|Any CPU
		{8596A480-E1D4-4438-BF73-8E5C51161A1E}.Debug|Any CPU.Build.0 = Debug|Any CPU
		{8596A480-E1D4-4438-BF73-8E5C51161A1E}.Release|Any CPU.ActiveCfg = Release|Any CPU
		{8596A480-E1D4-4438-BF73-8E5C51161A1E}.Release|Any CPU.Build.0 = Release|Any CPU
		{EA6E80B2-E92F-4C1A-824B-74AE4E5B4F48}.Debug|Any CPU.ActiveCfg = Debug|Any CPU
		{EA6E80B2-E92F-4C1A-824B-74AE4E5B4F48}.Debug|Any CPU.Build.0 = Debug|Any CPU
		{EA6E80B2-E92F-4C1A-824B-74AE4E5B4F48}.Release|Any CPU.ActiveCfg = Release|Any CPU
		{EA6E80B2-E92F-4C1A-824B-74AE4E5B4F48}.Release|Any CPU.Build.0 = Release|Any CPU
		{34E7000B-37AC-4FD7-A564-8A273B9FDB55}.Debug|Any CPU.ActiveCfg = Debug|Any CPU
		{34E7000B-37AC-4FD7-A564-8A273B9FDB55}.Debug|Any CPU.Build.0 = Debug|Any CPU
		{34E7000B-37AC-4FD7-A564-8A273B9FDB55}.Release|Any CPU.ActiveCfg = Release|Any CPU
		{34E7000B-37AC-4FD7-A564-8A273B9FDB55}.Release|Any CPU.Build.0 = Release|Any CPU
		{E44B562A-9077-42C5-81BE-DB88824126B7}.Debug|Any CPU.ActiveCfg = Debug|Any CPU
		{E44B562A-9077-42C5-81BE-DB88824126B7}.Debug|Any CPU.Build.0 = Debug|Any CPU
		{E44B562A-9077-42C5-81BE-DB88824126B7}.Release|Any CPU.ActiveCfg = Release|Any CPU
		{E44B562A-9077-42C5-81BE-DB88824126B7}.Release|Any CPU.Build.0 = Release|Any CPU
		{3D7ABCEB-E6C7-4FBE-98D7-07575F2B86EE}.Debug|Any CPU.ActiveCfg = Debug|Any CPU
		{3D7ABCEB-E6C7-4FBE-98D7-07575F2B86EE}.Debug|Any CPU.Build.0 = Debug|Any CPU
		{3D7ABCEB-E6C7-4FBE-98D7-07575F2B86EE}.Release|Any CPU.ActiveCfg = Release|Any CPU
		{3D7ABCEB-E6C7-4FBE-98D7-07575F2B86EE}.Release|Any CPU.Build.0 = Release|Any CPU
	EndGlobalSection
	GlobalSection(SolutionProperties) = preSolution
		HideSolutionNode = FALSE
	EndGlobalSection
EndGlobal
